
Microsoft Visual Studio Solution File, Format Version 12.00
# Visual Studio 15
VisualStudioVersion = 15.0.28307.1525
MinimumVisualStudioVersion = 10.0.40219.1
Project("{8BC9CEB8-8B4A-11D0-8D11-00A0C91BC942}") = "ZXCX_COMET_T3", "ZXCX_COMET_T3\ZXCX_COMET_T3.vcxproj", "{99A3345E-4945-4950-8C56-E57732727FF4}"
EndProject
Project("{8BC9CEB8-8B4A-11D0-8D11-00A0C91BC942}") = "testZXCX_COMET_T3", "testZXCX_COMET_T3\testZXCX_COMET_T3.vcxproj", "{6095786D-5A02-47E3-BFFC-6F13A02AC761}"
EndProject
Global
	GlobalSection(SolutionConfigurationPlatforms) = preSolution
		Debug|x64 = Debug|x64
		Debug|x86 = Debug|x86
		Release|x64 = Release|x64
		Release|x86 = Release|x86
	EndGlobalSection
	GlobalSection(ProjectConfigurationPlatforms) = postSolution
		{99A3345E-4945-4950-8C56-E57732727FF4}.Debug|x64.ActiveCfg = Debug|x64
		{99A3345E-4945-4950-8C56-E57732727FF4}.Debug|x64.Build.0 = Debug|x64
		{99A3345E-4945-4950-8C56-E57732727FF4}.Debug|x86.ActiveCfg = Debug|Win32
		{99A3345E-4945-4950-8C56-E57732727FF4}.Debug|x86.Build.0 = Debug|Win32
		{99A3345E-4945-4950-8C56-E57732727FF4}.Release|x64.ActiveCfg = Release|x64
		{99A3345E-4945-4950-8C56-E57732727FF4}.Release|x64.Build.0 = Release|x64
		{99A3345E-4945-4950-8C56-E57732727FF4}.Release|x86.ActiveCfg = Release|Win32
		{99A3345E-4945-4950-8C56-E57732727FF4}.Release|x86.Build.0 = Release|Win32
		{6095786D-5A02-47E3-BFFC-6F13A02AC761}.Debug|x64.ActiveCfg = Debug|x64
		{6095786D-5A02-47E3-BFFC-6F13A02AC761}.Debug|x64.Build.0 = Debug|x64
		{6095786D-5A02-47E3-BFFC-6F13A02AC761}.Debug|x86.ActiveCfg = Debug|Win32
		{6095786D-5A02-47E3-BFFC-6F13A02AC761}.Debug|x86.Build.0 = Debug|Win32
		{6095786D-5A02-47E3-BFFC-6F13A02AC761}.Release|x64.ActiveCfg = Release|x64
		{6095786D-5A02-47E3-BFFC-6F13A02AC761}.Release|x64.Build.0 = Release|x64
		{6095786D-5A02-47E3-BFFC-6F13A02AC761}.Release|x86.ActiveCfg = Release|Win32
		{6095786D-5A02-47E3-BFFC-6F13A02AC761}.Release|x86.Build.0 = Release|Win32
	EndGlobalSection
	GlobalSection(SolutionProperties) = preSolution
		HideSolutionNode = FALSE
	EndGlobalSection
	GlobalSection(ExtensibilityGlobals) = postSolution
		SolutionGuid = {44B069F4-CF99-4609-A131-799F17F11A27}
	EndGlobalSection
EndGlobal
